
Microsoft Visual Studio Solution File, Format Version 12.00
# Visual Studio Version 17
VisualStudioVersion = 17.2.32616.157
MinimumVisualStudioVersion = 10.0.40219.1
Project("{9A19103F-16F7-4668-BE54-9A1E7A4F7556}") = "Emp_Ut", "Emp_Ut.csproj", "{6D13A61D-589B-4DB3-B6ED-392571A69E4A}"
EndProject
Project("{FAE04EC0-301F-11D3-BF4B-00C04F79EFBC}") = "Emp_Test", "..\Emp_Test\Emp_Test.csproj", "{DE5ED549-F4F1-4F24-85B1-E564D4D7D807}"
EndProject
Global
	GlobalSection(SolutionConfigurationPlatforms) = preSolution
		Debug|Any CPU = Debug|Any CPU
		Release|Any CPU = Release|Any CPU
	EndGlobalSection
	GlobalSection(ProjectConfigurationPlatforms) = postSolution
		{6D13A61D-589B-4DB3-B6ED-392571A69E4A}.Debug|Any CPU.ActiveCfg = Debug|Any CPU
		{6D13A61D-589B-4DB3-B6ED-392571A69E4A}.Debug|Any CPU.Build.0 = Debug|Any CPU
		{6D13A61D-589B-4DB3-B6ED-392571A69E4A}.Release|Any CPU.ActiveCfg = Release|Any CPU
		{6D13A61D-589B-4DB3-B6ED-392571A69E4A}.Release|Any CPU.Build.0 = Release|Any CPU
		{DE5ED549-F4F1-4F24-85B1-E564D4D7D807}.Debug|Any CPU.ActiveCfg = Debug|Any CPU
		{DE5ED549-F4F1-4F24-85B1-E564D4D7D807}.Debug|Any CPU.Build.0 = Debug|Any CPU
		{DE5ED549-F4F1-4F24-85B1-E564D4D7D807}.Release|Any CPU.ActiveCfg = Release|Any CPU
		{DE5ED549-F4F1-4F24-85B1-E564D4D7D807}.Release|Any CPU.Build.0 = Release|Any CPU
	EndGlobalSection
	GlobalSection(SolutionProperties) = preSolution
		HideSolutionNode = FALSE
	EndGlobalSection
	GlobalSection(ExtensibilityGlobals) = postSolution
		SolutionGuid = {3A86190D-884F-40DE-ABE6-4C60E6B2ABE9}
	EndGlobalSection
EndGlobal
